# This file is automatically @generated by Poetry 1.4.0 and should not be changed by hand.

[[package]]
name = "ruff"
version = "0.0.257"
description = "An extremely fast Python linter, written in Rust."
category = "dev"
optional = false
python-versions = ">=3.7"
files = [
    {file = "ruff-0.0.257-py3-none-macosx_10_7_x86_64.whl", hash = "sha256:7280640690c1d0046b20e0eb924319a89d8e22925d7d232180ce31196e7478f8"},
    {file = "ruff-0.0.257-py3-none-macosx_10_9_x86_64.macosx_11_0_arm64.macosx_10_9_universal2.whl", hash = "sha256:4582b73da61ab410ffda35b2987a6eacb33f18263e1c91810f0b9779ec4f41a9"},
    {file = "ruff-0.0.257-py3-none-manylinux_2_17_aarch64.manylinux2014_aarch64.whl", hash = "sha256:5acae9878f1136893e266348acdb9d30dfae23c296d3012043816432a5abdd51"},
    {file = "ruff-0.0.257-py3-none-manylinux_2_17_armv7l.manylinux2014_armv7l.whl", hash = "sha256:d9f0912d045eee15e8e02e335c16d7a7f9fb6821aa5eb1628eeb5bbfa3d88908"},
    {file = "ruff-0.0.257-py3-none-manylinux_2_17_i686.manylinux2014_i686.whl", hash = "sha256:4a9542c34ee5298b31be6c6ba304f14b672dcf104846ee65adb2466d3e325870"},
    {file = "ruff-0.0.257-py3-none-manylinux_2_17_ppc64.manylinux2014_ppc64.whl", hash = "sha256:3464f1ad4cea6c4b9325da13ae306bd22bf15d226e18d19c52db191b1f4355ac"},
    {file = "ruff-0.0.257-py3-none-manylinux_2_17_ppc64le.manylinux2014_ppc64le.whl", hash = "sha256:5a54bfd559e558ee0df2a2f3756423fe6a9de7307bc290d807c3cdf351cb4c24"},
    {file = "ruff-0.0.257-py3-none-manylinux_2_17_s390x.manylinux2014_s390x.whl", hash = "sha256:3438fd38446e1a0915316f4085405c9feca20fe00a4b614995ab7034dbfaa7ff"},
    {file = "ruff-0.0.257-py3-none-manylinux_2_17_x86_64.manylinux2014_x86_64.whl", hash = "sha256:358cc2b547bd6451dcf2427b22a9c29a2d9c34e66576c693a6381c5f2ed3011d"},
    {file = "ruff-0.0.257-py3-none-musllinux_1_2_aarch64.whl", hash = "sha256:783390f1e94a168c79d7004426dae3e4ae2999cc85f7d00fdd86c62262b71854"},
    {file = "ruff-0.0.257-py3-none-musllinux_1_2_armv7l.whl", hash = "sha256:aaa3b5b6929c63a854b6bcea7a229453b455ab26337100b2905fae4523ca5667"},
    {file = "ruff-0.0.257-py3-none-musllinux_1_2_i686.whl", hash = "sha256:4ecd7a84db4816df2dcd0f11c5365a9a2cf4fa70a19b3ac161b7b0bfa592959d"},
    {file = "ruff-0.0.257-py3-none-musllinux_1_2_x86_64.whl", hash = "sha256:3db8d77d5651a2c0d307102d717627a025d4488d406f54c2764b21cfbe11d822"},
    {file = "ruff-0.0.257-py3-none-win32.whl", hash = "sha256:d2c8755fa4f6c5e5ec032ad341ca3beeecd16786e12c3f26e6b0cc40418ae998"},
    {file = "ruff-0.0.257-py3-none-win_amd64.whl", hash = "sha256:3cec07d6fecb1ebbc45ea8eeb1047b929caa2f7dfb8dd4b0e1869ff789326da5"},
    {file = "ruff-0.0.257-py3-none-win_arm64.whl", hash = "sha256:352f1bdb9b433b3b389aee512ffb0b82226ae1e25b3d92e4eaf0e7be6b1b6f6a"},
    {file = "ruff-0.0.257.tar.gz", hash = "sha256:fedfd06a37ddc17449203c3e38fc83fb68de7f20b5daa0ee4e60d3599b38bab0"},
]

[metadata]
lock-version = "2.0"
python-versions = "^3.10"
content-hash = "3ea0508cb88aeb280de62a967f7d67e3d9370d70e6403d28993ed22b537084e5"
